
Microsoft Visual Studio Solution File, Format Version 12.00
# Visual Studio Version 17
VisualStudioVersion = 17.5.33530.505
MinimumVisualStudioVersion = 10.0.40219.1
Project("{9A19103F-16F7-4668-BE54-9A1E7A4F7556}") = "Simulation", "Simulation\Simulation.csproj", "{589B67C8-FF01-4EB8-A15D-CF15AEEC6020}"
EndProject
Project("{9A19103F-16F7-4668-BE54-9A1E7A4F7556}") = "FineCollectionService", "FineCollectionService\FineCollectionService.csproj", "{92B61A41-CE06-47B3-BEF9-836EA182FE7E}"
EndProject
Project("{9A19103F-16F7-4668-BE54-9A1E7A4F7556}") = "TrafficControlService", "TrafficControlService\TrafficControlService.csproj", "{82B38B9E-1183-49B1-A464-EC03672EF30D}"
EndProject
Project("{9A19103F-16F7-4668-BE54-9A1E7A4F7556}") = "VehicleRegistrationService", "VehicleRegistrationService\VehicleRegistrationService.csproj", "{787200FA-399E-420C-BA8A-83E61BB0303A}"
EndProject
Project("{E53339B2-1760-4266-BCC7-CA923CBCF16C}") = "docker-compose", "docker-compose.dcproj", "{051667EB-F6F3-4C2B-90C6-93061EB1858A}"
EndProject
Global
	GlobalSection(SolutionConfigurationPlatforms) = preSolution
		Debug|Any CPU = Debug|Any CPU
		Release|Any CPU = Release|Any CPU
	EndGlobalSection
	GlobalSection(ProjectConfigurationPlatforms) = postSolution
		{589B67C8-FF01-4EB8-A15D-CF15AEEC6020}.Debug|Any CPU.ActiveCfg = Debug|Any CPU
		{589B67C8-FF01-4EB8-A15D-CF15AEEC6020}.Debug|Any CPU.Build.0 = Debug|Any CPU
		{589B67C8-FF01-4EB8-A15D-CF15AEEC6020}.Release|Any CPU.ActiveCfg = Release|Any CPU
		{589B67C8-FF01-4EB8-A15D-CF15AEEC6020}.Release|Any CPU.Build.0 = Release|Any CPU
		{92B61A41-CE06-47B3-BEF9-836EA182FE7E}.Debug|Any CPU.ActiveCfg = Debug|Any CPU
		{92B61A41-CE06-47B3-BEF9-836EA182FE7E}.Debug|Any CPU.Build.0 = Debug|Any CPU
		{92B61A41-CE06-47B3-BEF9-836EA182FE7E}.Release|Any CPU.ActiveCfg = Release|Any CPU
		{92B61A41-CE06-47B3-BEF9-836EA182FE7E}.Release|Any CPU.Build.0 = Release|Any CPU
		{82B38B9E-1183-49B1-A464-EC03672EF30D}.Debug|Any CPU.ActiveCfg = Debug|Any CPU
		{82B38B9E-1183-49B1-A464-EC03672EF30D}.Debug|Any CPU.Build.0 = Debug|Any CPU
		{82B38B9E-1183-49B1-A464-EC03672EF30D}.Release|Any CPU.ActiveCfg = Release|Any CPU
		{82B38B9E-1183-49B1-A464-EC03672EF30D}.Release|Any CPU.Build.0 = Release|Any CPU
		{787200FA-399E-420C-BA8A-83E61BB0303A}.Debug|Any CPU.ActiveCfg = Debug|Any CPU
		{787200FA-399E-420C-BA8A-83E61BB0303A}.Debug|Any CPU.Build.0 = Debug|Any CPU
		{787200FA-399E-420C-BA8A-83E61BB0303A}.Release|Any CPU.ActiveCfg = Release|Any CPU
		{787200FA-399E-420C-BA8A-83E61BB0303A}.Release|Any CPU.Build.0 = Release|Any CPU
		{051667EB-F6F3-4C2B-90C6-93061EB1858A}.Debug|Any CPU.ActiveCfg = Debug|Any CPU
		{051667EB-F6F3-4C2B-90C6-93061EB1858A}.Debug|Any CPU.Build.0 = Debug|Any CPU
		{051667EB-F6F3-4C2B-90C6-93061EB1858A}.Release|Any CPU.ActiveCfg = Release|Any CPU
		{051667EB-F6F3-4C2B-90C6-93061EB1858A}.Release|Any CPU.Build.0 = Release|Any CPU
	EndGlobalSection
	GlobalSection(SolutionProperties) = preSolution
		HideSolutionNode = FALSE
	EndGlobalSection
	GlobalSection(ExtensibilityGlobals) = postSolution
		SolutionGuid = {C696EFF7-2D6D-4813-A0E3-0A8901A48C8F}
	EndGlobalSection
EndGlobal
